
Microsoft Visual Studio Solution File, Format Version 12.00
# Visual Studio Version 16
VisualStudioVersion = 16.0.34407.143
MinimumVisualStudioVersion = 10.0.40219.1
Project("{FAE04EC0-301F-11D3-BF4B-00C04F79EFBC}") = "CoverLetter", "CoverLetter.csproj", "{397E96C0-CAB1-4709-A3F7-D0791728A597}"
EndProject
Global
	GlobalSection(SolutionConfigurationPlatforms) = preSolution
		Debug|Any CPU = Debug|Any CPU
		Release|Any CPU = Release|Any CPU
	EndGlobalSection
	GlobalSection(ProjectConfigurationPlatforms) = postSolution
		{397E96C0-CAB1-4709-A3F7-D0791728A597}.Debug|Any CPU.ActiveCfg = Debug|Any CPU
		{397E96C0-CAB1-4709-A3F7-D0791728A597}.Debug|Any CPU.Build.0 = Debug|Any CPU
		{397E96C0-CAB1-4709-A3F7-D0791728A597}.Release|Any CPU.ActiveCfg = Release|Any CPU
		{397E96C0-CAB1-4709-A3F7-D0791728A597}.Release|Any CPU.Build.0 = Release|Any CPU
	EndGlobalSection
	GlobalSection(SolutionProperties) = preSolution
		HideSolutionNode = FALSE
	EndGlobalSection
	GlobalSection(ExtensibilityGlobals) = postSolution
		SolutionGuid = {1A49F254-9C3A-46E0-BB49-6407F076C053}
	EndGlobalSection
EndGlobal
